
Microsoft Visual Studio Solution File, Format Version 12.00
# Visual Studio Version 16
VisualStudioVersion = 16.0.32602.291
MinimumVisualStudioVersion = 10.0.40219.1
Project("{8BC9CEB8-8B4A-11D0-8D11-00A0C91BC942}") = "CppHomework_0519", "CppHomework_0519\CppHomework_0519.vcxproj", "{034784ED-1BCF-4C32-9811-F20D2B35E7C8}"
EndProject
Project("{8BC9CEB8-8B4A-11D0-8D11-00A0C91BC942}") = "CppHomework_0522", "..\CppHomework_0522\CppHomework_0522.vcxproj", "{33CFF91F-9B5C-4E51-AFDC-BD949C0D255F}"
EndProject
Project("{8BC9CEB8-8B4A-11D0-8D11-00A0C91BC942}") = "CppHomework_0524", "CppHomework_0524\CppHomework_0524.vcxproj", "{B8256092-14FC-4BEA-9BD4-E93D09612739}"
EndProject
Global
	GlobalSection(SolutionConfigurationPlatforms) = preSolution
		Debug|x64 = Debug|x64
		Debug|x86 = Debug|x86
		Release|x64 = Release|x64
		Release|x86 = Release|x86
	EndGlobalSection
	GlobalSection(ProjectConfigurationPlatforms) = postSolution
		{034784ED-1BCF-4C32-9811-F20D2B35E7C8}.Debug|x64.ActiveCfg = Debug|x64
		{034784ED-1BCF-4C32-9811-F20D2B35E7C8}.Debug|x64.Build.0 = Debug|x64
		{034784ED-1BCF-4C32-9811-F20D2B35E7C8}.Debug|x86.ActiveCfg = Debug|Win32
		{034784ED-1BCF-4C32-9811-F20D2B35E7C8}.Debug|x86.Build.0 = Debug|Win32
		{034784ED-1BCF-4C32-9811-F20D2B35E7C8}.Release|x64.ActiveCfg = Release|x64
		{034784ED-1BCF-4C32-9811-F20D2B35E7C8}.Release|x64.Build.0 = Release|x64
		{034784ED-1BCF-4C32-9811-F20D2B35E7C8}.Release|x86.ActiveCfg = Release|Win32
		{034784ED-1BCF-4C32-9811-F20D2B35E7C8}.Release|x86.Build.0 = Release|Win32
		{33CFF91F-9B5C-4E51-AFDC-BD949C0D255F}.Debug|x64.ActiveCfg = Debug|x64
		{33CFF91F-9B5C-4E51-AFDC-BD949C0D255F}.Debug|x64.Build.0 = Debug|x64
		{33CFF91F-9B5C-4E51-AFDC-BD949C0D255F}.Debug|x86.ActiveCfg = Debug|Win32
		{33CFF91F-9B5C-4E51-AFDC-BD949C0D255F}.Debug|x86.Build.0 = Debug|Win32
		{33CFF91F-9B5C-4E51-AFDC-BD949C0D255F}.Release|x64.ActiveCfg = Release|x64
		{33CFF91F-9B5C-4E51-AFDC-BD949C0D255F}.Release|x64.Build.0 = Release|x64
		{33CFF91F-9B5C-4E51-AFDC-BD949C0D255F}.Release|x86.ActiveCfg = Release|Win32
		{33CFF91F-9B5C-4E51-AFDC-BD949C0D255F}.Release|x86.Build.0 = Release|Win32
		{B8256092-14FC-4BEA-9BD4-E93D09612739}.Debug|x64.ActiveCfg = Debug|x64
		{B8256092-14FC-4BEA-9BD4-E93D09612739}.Debug|x64.Build.0 = Debug|x64
		{B8256092-14FC-4BEA-9BD4-E93D09612739}.Debug|x86.ActiveCfg = Debug|Win32
		{B8256092-14FC-4BEA-9BD4-E93D09612739}.Debug|x86.Build.0 = Debug|Win32
		{B8256092-14FC-4BEA-9BD4-E93D09612739}.Release|x64.ActiveCfg = Release|x64
		{B8256092-14FC-4BEA-9BD4-E93D09612739}.Release|x64.Build.0 = Release|x64
		{B8256092-14FC-4BEA-9BD4-E93D09612739}.Release|x86.ActiveCfg = Release|Win32
		{B8256092-14FC-4BEA-9BD4-E93D09612739}.Release|x86.Build.0 = Release|Win32
	EndGlobalSection
	GlobalSection(SolutionProperties) = preSolution
		HideSolutionNode = FALSE
	EndGlobalSection
	GlobalSection(ExtensibilityGlobals) = postSolution
		SolutionGuid = {2283E034-3736-49E2-9B05-3C2682015E45}
	EndGlobalSection
EndGlobal
